
Microsoft Visual Studio Solution File, Format Version 11.00
# Visual Studio 2010
Project("{FAE04EC0-301F-11D3-BF4B-00C04F79EFBC}") = "console key ınfometodu", "console key ınfometodu\console key ınfometodu.csproj", "{89A2B7A0-4D8C-4963-8C52-6179BD85EE4D}"
EndProject
Global
	GlobalSection(SolutionConfigurationPlatforms) = preSolution
		Debug|x86 = Debug|x86
		Release|x86 = Release|x86
	EndGlobalSection
	GlobalSection(ProjectConfigurationPlatforms) = postSolution
		{89A2B7A0-4D8C-4963-8C52-6179BD85EE4D}.Debug|x86.ActiveCfg = Debug|x86
		{89A2B7A0-4D8C-4963-8C52-6179BD85EE4D}.Debug|x86.Build.0 = Debug|x86
		{89A2B7A0-4D8C-4963-8C52-6179BD85EE4D}.Release|x86.ActiveCfg = Release|x86
		{89A2B7A0-4D8C-4963-8C52-6179BD85EE4D}.Release|x86.Build.0 = Release|x86
	EndGlobalSection
	GlobalSection(SolutionProperties) = preSolution
		HideSolutionNode = FALSE
	EndGlobalSection
EndGlobal
